// !$*UTF8*$!
{
	archiveVersion = 1;
	classes = {
	};
	objectVersion = 46;
	objects = {

/* Begin PBXBuildFile section */
		139664311638E6500097E41B /* UIKit.framework in Frameworks */ = {isa = PBXBuildFile; fileRef = 139664301638E6500097E41B /* UIKit.framework */; };
		139664331638E6500097E41B /* Foundation.framework in Frameworks */ = {isa = PBXBuildFile; fileRef = 139664321638E6500097E41B /* Foundation.framework */; };
		139664351638E6500097E41B /* CoreGraphics.framework in Frameworks */ = {isa = PBXBuildFile; fileRef = 139664341638E6500097E41B /* CoreGraphics.framework */; };
		1396643B1638E6500097E41B /* InfoPlist.strings in Resources */ = {isa = PBXBuildFile; fileRef = 139664391638E6500097E41B /* InfoPlist.strings */; };
		1396643D1638E6500097E41B /* main.m in Sources */ = {isa = PBXBuildFile; fileRef = 1396643C1638E6500097E41B /* main.m */; };
		139664411638E6500097E41B /* AppDelegate.m in Sources */ = {isa = PBXBuildFile; fileRef = 139664401638E6500097E41B /* AppDelegate.m */; };
		139664431638E6500097E41B /* Default.png in Resources */ = {isa = PBXBuildFile; fileRef = 139664421638E6500097E41B /* Default.png */; };
		139664451638E6500097E41B /* Default@2x.png in Resources */ = {isa = PBXBuildFile; fileRef = 139664441638E6500097E41B /* Default@2x.png */; };
		139664471638E6500097E41B /* Default-568h@2x.png in Resources */ = {isa = PBXBuildFile; fileRef = 139664461638E6500097E41B /* Default-568h@2x.png */; };
		1396644A1638E6500097E41B /* ViewController.m in Sources */ = {isa = PBXBuildFile; fileRef = 139664491638E6500097E41B /* ViewController.m */; };
		1396644D1638E6500097E41B /* ViewController.xib in Resources */ = {isa = PBXBuildFile; fileRef = 1396644B1638E6500097E41B /* ViewController.xib */; };
/* End PBXBuildFile section */

/* Begin PBXFileReference section */
		1396642C1638E6500097E41B /* LoveHina.app */ = {isa = PBXFileReference; explicitFileType = wrapper.application; includeInIndex = 0; path = LoveHina.app; sourceTree = BUILT_PRODUCTS_DIR; };
		139664301638E6500097E41B /* UIKit.framework */ = {isa = PBXFileReference; lastKnownFileType = wrapper.framework; name = UIKit.framework; path = System/Library/Frameworks/UIKit.framework; sourceTree = SDKROOT; };
		139664321638E6500097E41B /* Foundation.framework */ = {isa = PBXFileReference; lastKnownFileType = wrapper.framework; name = Foundation.framework; path = System/Library/Frameworks/Foundation.framework; sourceTree = SDKROOT; };
		139664341638E6500097E41B /* CoreGraphics.framework */ = {isa = PBXFileReference; lastKnownFileType = wrapper.framework; name = CoreGraphics.framework; path = System/Library/Frameworks/CoreGraphics.framework; sourceTree = SDKROOT; };
		139664381638E6500097E41B /* LoveHina-Info.plist */ = {isa = PBXFileReference; lastKnownFileType = text.plist.xml; path = "LoveHina-Info.plist"; sourceTree = "<group>"; };
		1396643A1638E6500097E41B /* en */ = {isa = PBXFileReference; lastKnownFileType = text.plist.strings; name = en; path = en.lproj/InfoPlist.strings; sourceTree = "<group>"; };
		1396643C1638E6500097E41B /* main.m */ = {isa = PBXFileReference; lastKnownFileType = sourcecode.c.objc; path = main.m; sourceTree = "<group>"; };
		1396643E1638E6500097E41B /* LoveHina-Prefix.pch */ = {isa = PBXFileReference; lastKnownFileType = sourcecode.c.h; path = "LoveHina-Prefix.pch"; sourceTree = "<group>"; };
		1396643F1638E6500097E41B /* AppDelegate.h */ = {isa = PBXFileReference; lastKnownFileType = sourcecode.c.h; path = AppDelegate.h; sourceTree = "<group>"; };
		139664401638E6500097E41B /* AppDelegate.m */ = {isa = PBXFileReference; lastKnownFileType = sourcecode.c.objc; path = AppDelegate.m; sourceTree = "<group>"; };
		139664421638E6500097E41B /* Default.png */ = {isa = PBXFileReference; lastKnownFileType = image.png; path = Default.png; sourceTree = "<group>"; };
		139664441638E6500097E41B /* Default@2x.png */ = {isa = PBXFileReference; lastKnownFileType = image.png; path = "Default@2x.png"; sourceTree = "<group>"; };
		139664461638E6500097E41B /* Default-568h@2x.png */ = {isa = PBXFileReference; lastKnownFileType = image.png; path = "Default-568h@2x.png"; sourceTree = "<group>"; };
		139664481638E6500097E41B /* ViewController.h */ = {isa = PBXFileReference; lastKnownFileType = sourcecode.c.h; path = ViewController.h; sourceTree = "<group>"; };
		139664491638E6500097E41B /* ViewController.m */ = {isa = PBXFileReference; lastKnownFileType = sourcecode.c.objc; path = ViewController.m; sourceTree = "<group>"; };
		1396644C1638E6500097E41B /* en */ = {isa = PBXFileReference; lastKnownFileType = file.xib; name = en; path = en.lproj/ViewController.xib; sourceTree = "<group>"; };
/* End PBXFileReference section */

/* Begin PBXFrameworksBuildPhase section */
		139664291638E6500097E41B /* Frameworks */ = {
			isa = PBXFrameworksBuildPhase;
			buildActionMask = 2147483647;
			files = (
				139664311638E6500097E41B /* UIKit.framework in Frameworks */,
				139664331638E6500097E41B /* Foundation.framework in Frameworks */,
				139664351638E6500097E41B /* CoreGraphics.framework in Frameworks */,
			);
			runOnlyForDeploymentPostprocessing = 0;
		};
/* End PBXFrameworksBuildPhase section */

/* Begin PBXGroup section */
		139664211638E6500097E41B = {
			isa = PBXGroup;
			children = (
				139664361638E6500097E41B /* LoveHina */,
				1396642F1638E6500097E41B /* Frameworks */,
				1396642D1638E6500097E41B /* Products */,
			);
			sourceTree = "<group>";
		};
		1396642D1638E6500097E41B /* Products */ = {
			isa = PBXGroup;
			children = (
				1396642C1638E6500097E41B /* LoveHina.app */,
			);
			name = Products;
			sourceTree = "<group>";
		};
		1396642F1638E6500097E41B /* Frameworks */ = {
			isa = PBXGroup;
			children = (
				139664301638E6500097E41B /* UIKit.framework */,
				139664321638E6500097E41B /* Foundation.framework */,
				139664341638E6500097E41B /* CoreGraphics.framework */,
			);
			name = Frameworks;
			sourceTree = "<group>";
		};
		139664361638E6500097E41B /* LoveHina */ = {
			isa = PBXGroup;
			children = (
				1396643F1638E6500097E41B /* AppDelegate.h */,
				139664401638E6500097E41B /* AppDelegate.m */,
				139664481638E6500097E41B /* ViewController.h */,
				139664491638E6500097E41B /* ViewController.m */,
				1396644B1638E6500097E41B /* ViewController.xib */,
				139664371638E6500097E41B /* Supporting Files */,
			);
			path = LoveHina;
			sourceTree = "<group>";
		};
		139664371638E6500097E41B /* Supporting Files */ = {
			isa = PBXGroup;
			children = (
				139664381638E6500097E41B /* LoveHina-Info.plist */,
				139664391638E6500097E41B /* InfoPlist.strings */,
				1396643C1638E6500097E41B /* main.m */,
				1396643E1638E6500097E41B /* LoveHina-Prefix.pch */,
				139664421638E6500097E41B /* Default.png */,
				139664441638E6500097E41B /* Default@2x.png */,
				139664461638E6500097E41B /* Default-568h@2x.png */,
			);
			name = "Supporting Files";
			sourceTree = "<group>";
		};
/* End PBXGroup section */

/* Begin PBXNativeTarget section */
		1396642B1638E6500097E41B /* LoveHina */ = {
			isa = PBXNativeTarget;
			buildConfigurationList = 139664501638E6500097E41B /* Build configuration list for PBXNativeTarget "LoveHina" */;
			buildPhases = (
				139664281638E6500097E41B /* Sources */,
				139664291638E6500097E41B /* Frameworks */,
				1396642A1638E6500097E41B /* Resources */,
			);
			buildRules = (
			);
			dependencies = (
			);
			name = LoveHina;
			productName = LoveHina;
			productReference = 1396642C1638E6500097E41B /* LoveHina.app */;
			productType = "com.apple.product-type.application";
		};
/* End PBXNativeTarget section */

/* Begin PBXProject section */
		139664231638E6500097E41B /* Project object */ = {
			isa = PBXProject;
			attributes = {
				LastUpgradeCheck = 0450;
				ORGANIZATIONNAME = "Sơn Phạm ";
			};
			buildConfigurationList = 139664261638E6500097E41B /* Build configuration list for PBXProject "LoveHina" */;
			compatibilityVersion = "Xcode 3.2";
			developmentRegion = English;
			hasScannedForEncodings = 0;
			knownRegions = (
				en,
			);
			mainGroup = 139664211638E6500097E41B;
			productRefGroup = 1396642D1638E6500097E41B /* Products */;
			projectDirPath = "";
			projectRoot = "";
			targets = (
				1396642B1638E6500097E41B /* LoveHina */,
			);
		};
/* End PBXProject section */

/* Begin PBXResourcesBuildPhase section */
		1396642A1638E6500097E41B /* Resources */ = {
			isa = PBXResourcesBuildPhase;
			buildActionMask = 2147483647;
			files = (
				1396643B1638E6500097E41B /* InfoPlist.strings in Resources */,
				139664431638E6500097E41B /* Default.png in Resources */,
				139664451638E6500097E41B /* Default@2x.png in Resources */,
				139664471638E6500097E41B /* Default-568h@2x.png in Resources */,
				1396644D1638E6500097E41B /* ViewController.xib in Resources */,
			);
			runOnlyForDeploymentPostprocessing = 0;
		};
/* End PBXResourcesBuildPhase section */

/* Begin PBXSourcesBuildPhase section */
		139664281638E6500097E41B /* Sources */ = {
			isa = PBXSourcesBuildPhase;
			buildActionMask = 2147483647;
			files = (
				1396643D1638E6500097E41B /* main.m in Sources */,
				139664411638E6500097E41B /* AppDelegate.m in Sources */,
				1396644A1638E6500097E41B /* ViewController.m in Sources */,
			);
			runOnlyForDeploymentPostprocessing = 0;
		};
/* End PBXSourcesBuildPhase section */

/* Begin PBXVariantGroup section */
		139664391638E6500097E41B /* InfoPlist.strings */ = {
			isa = PBXVariantGroup;
			children = (
				1396643A1638E6500097E41B /* en */,
			);
			name = InfoPlist.strings;
			sourceTree = "<group>";
		};
		1396644B1638E6500097E41B /* ViewController.xib */ = {
			isa = PBXVariantGroup;
			children = (
				1396644C1638E6500097E41B /* en */,
			);
			name = ViewController.xib;
			sourceTree = "<group>";
		};
/* End PBXVariantGroup section */

/* Begin XCBuildConfiguration section */
		1396644E1638E6500097E41B /* Debug */ = {
			isa = XCBuildConfiguration;
			buildSettings = {
				ALWAYS_SEARCH_USER_PATHS = NO;
				CLANG_CXX_LANGUAGE_STANDARD = "gnu++0x";
				CLANG_CXX_LIBRARY = "libc++";
				CLANG_WARN_EMPTY_BODY = YES;
				CLANG_WARN__DUPLICATE_METHOD_MATCH = YES;
				"CODE_SIGN_IDENTITY[sdk=iphoneos*]" = "iPhone Developer";
				COPY_PHASE_STRIP = NO;
				GCC_C_LANGUAGE_STANDARD = gnu99;
				GCC_DYNAMIC_NO_PIC = NO;
				GCC_OPTIMIZATION_LEVEL = 0;
				GCC_PREPROCESSOR_DEFINITIONS = (
					"DEBUG=1",
					"$(inherited)",
				);
				GCC_SYMBOLS_PRIVATE_EXTERN = NO;
				GCC_WARN_ABOUT_RETURN_TYPE = YES;
				GCC_WARN_UNINITIALIZED_AUTOS = YES;
				GCC_WARN_UNUSED_VARIABLE = YES;
				IPHONEOS_DEPLOYMENT_TARGET = 6.0;
				ONLY_ACTIVE_ARCH = YES;
				SDKROOT = iphoneos;
			};
			name = Debug;
		};
		1396644F1638E6500097E41B /* Release */ = {
			isa = XCBuildConfiguration;
			buildSettings = {
				ALWAYS_SEARCH_USER_PATHS = NO;
				CLANG_CXX_LANGUAGE_STANDARD = "gnu++0x";
				CLANG_CXX_LIBRARY = "libc++";
				CLANG_WARN_EMPTY_BODY = YES;
				CLANG_WARN__DUPLICATE_METHOD_MATCH = YES;
				"CODE_SIGN_IDENTITY[sdk=iphoneos*]" = "iPhone Developer";
				COPY_PHASE_STRIP = YES;
				GCC_C_LANGUAGE_STANDARD = gnu99;
				GCC_WARN_ABOUT_RETURN_TYPE = YES;
				GCC_WARN_UNINITIALIZED_AUTOS = YES;
				GCC_WARN_UNUSED_VARIABLE = YES;
				IPHONEOS_DEPLOYMENT_TARGET = 6.0;
				OTHER_CFLAGS = "-DNS_BLOCK_ASSERTIONS=1";
				SDKROOT = iphoneos;
				VALIDATE_PRODUCT = YES;
			};
			name = Release;
		};
		139664511638E6500097E41B /* Debug */ = {
			isa = XCBuildConfiguration;
			buildSettings = {
				GCC_PRECOMPILE_PREFIX_HEADER = YES;
				GCC_PREFIX_HEADER = "LoveHina/LoveHina-Prefix.pch";
				INFOPLIST_FILE = "LoveHina/LoveHina-Info.plist";
				PRODUCT_NAME = "$(TARGET_NAME)";
				WRAPPER_EXTENSION = app;
			};
			name = Debug;
		};
		139664521638E6500097E41B /* Release */ = {
			isa = XCBuildConfiguration;
			buildSettings = {
				GCC_PRECOMPILE_PREFIX_HEADER = YES;
				GCC_PREFIX_HEADER = "LoveHina/LoveHina-Prefix.pch";
				INFOPLIST_FILE = "LoveHina/LoveHina-Info.plist";
				PRODUCT_NAME = "$(TARGET_NAME)";
				WRAPPER_EXTENSION = app;
			};
			name = Release;
		};
/* End XCBuildConfiguration section */

/* Begin XCConfigurationList section */
		139664261638E6500097E41B /* Build configuration list for PBXProject "LoveHina" */ = {
			isa = XCConfigurationList;
			buildConfigurations = (
				1396644E1638E6500097E41B /* Debug */,
				1396644F1638E6500097E41B /* Release */,
			);
			defaultConfigurationIsVisible = 0;
			defaultConfigurationName = Release;
		};
		139664501638E6500097E41B /* Build configuration list for PBXNativeTarget "LoveHina" */ = {
			isa = XCConfigurationList;
			buildConfigurations = (
				139664511638E6500097E41B /* Debug */,
				139664521638E6500097E41B /* Release */,
			);
			defaultConfigurationIsVisible = 0;
		};
/* End XCConfigurationList section */
	};
	rootObject = 139664231638E6500097E41B /* Project object */;
}
